
Microsoft Visual Studio Solution File, Format Version 12.00
# Visual Studio Version 18
VisualStudioVersion = 18.3.11310.294 d18.3
MinimumVisualStudioVersion = 10.0.40219.1
Project("{FAE04EC0-301F-11D3-BF4B-00C04F79EFBC}") = "Autonomous General Purpose Agent", "Autonomous General Purpose Agent\Autonomous General Purpose Agent.csproj", "{6B57E7BF-7AE4-45F7-A45D-B90476895CB6}"
EndProject
Global
	GlobalSection(SolutionConfigurationPlatforms) = preSolution
		Debug|Any CPU = Debug|Any CPU
		Release|Any CPU = Release|Any CPU
	EndGlobalSection
	GlobalSection(ProjectConfigurationPlatforms) = postSolution
		{6B57E7BF-7AE4-45F7-A45D-B90476895CB6}.Debug|Any CPU.ActiveCfg = Debug|Any CPU
		{6B57E7BF-7AE4-45F7-A45D-B90476895CB6}.Debug|Any CPU.Build.0 = Debug|Any CPU
		{6B57E7BF-7AE4-45F7-A45D-B90476895CB6}.Release|Any CPU.ActiveCfg = Release|Any CPU
		{6B57E7BF-7AE4-45F7-A45D-B90476895CB6}.Release|Any CPU.Build.0 = Release|Any CPU
	EndGlobalSection
	GlobalSection(SolutionProperties) = preSolution
		HideSolutionNode = FALSE
	EndGlobalSection
	GlobalSection(ExtensibilityGlobals) = postSolution
		SolutionGuid = {B3278F86-258E-45EF-8993-8BBDC36218C3}
	EndGlobalSection
EndGlobal
